schema: '2.0'
stages:
  data_ingestion:
    cmd: python src/data/make_dataset.py
    deps:
    - path: src/data/make_dataset.py
      hash: md5
      md5: c15c5bf36bf65d521ed67023eac0821b
      size: 19756
    - path: src/services/logger.py
      hash: md5
      md5: 3a571d672a3ea9d7531edf517f93e80d
      size: 6927
    params:
      params.yaml:
        data_ingestion.source: yfinance
        data_ingestion.start_date: '2015-01-01'
        data_ingestion.stock_symbol: NVDA
    outs:
    - path: data/raw/stock_data_raw_NVDA.csv
      hash: md5
      md5: 50e8beec9c5ec7a18b29a9442848fcc6
      size: 325785
  data_preprocessing:
    cmd: python src/data/preprocess.py
    deps:
    - path: data/raw/stock_data_raw_NVDA.csv
      hash: md5
      md5: 50e8beec9c5ec7a18b29a9442848fcc6
      size: 325785
    - path: src/data/preprocess.py
      hash: md5
      md5: ca82377127c6770d4cdf3009d6dadf4c
      size: 24022
    params:
      params.yaml:
        data_ingestion.stock_symbol: NVDA
        preprocessing.handle_missing: ffill
        preprocessing.outlier_method: iqr
        preprocessing.outlier_threshold: 3.0
        preprocessing.remove_outliers: false
    outs:
    - path: data/processed/test_data_NVDA.csv
      hash: md5
      md5: 3eb7595f03855268b34af125077b2497
      size: 81136
    - path: data/processed/train_data_NVDA.csv
      hash: md5
      md5: 2490d9ed2ebcc53afbca3b13d3fc4505
      size: 243644
  feature_engineering:
    cmd: python src/features/build_features.py
    deps:
    - path: data/processed/test_data_NVDA.csv
      hash: md5
      md5: 3eb7595f03855268b34af125077b2497
      size: 81136
    - path: data/processed/train_data_NVDA.csv
      hash: md5
      md5: 2490d9ed2ebcc53afbca3b13d3fc4505
      size: 243644
    - path: src/features/build_features.py
      hash: md5
      md5: 224339cd49fd156f871ae12d861c3fba
      size: 32539
    params:
      params.yaml:
        data_ingestion.stock_symbol: NVDA
        feature_engineering.atr_windows:
        - 14
        - 21
        feature_engineering.bollinger_std: 2
        feature_engineering.bollinger_window: 20
        feature_engineering.ema_windows:
        - 12
        - 26
        - 50
        feature_engineering.lag_periods:
        - 1
        - 2
        - 3
        - 5
        - 10
        feature_engineering.macd_fast: 12
        feature_engineering.macd_signal: 9
        feature_engineering.macd_slow: 26
        feature_engineering.roc_periods:
        - 5
        - 10
        - 20
        feature_engineering.rsi_windows:
        - 14
        - 21
        feature_engineering.sma_windows:
        - 5
        - 10
        - 20
        - 50
        - 200
        feature_engineering.target_return_window: 1
        feature_engineering.volatility_windows:
        - 5
        - 10
        - 20
        - 30
        feature_engineering.volume_ma_windows:
        - 5
        - 20
        - 50
        feature_engineering.vwap_window: 20
    outs:
    - path: data/features
      hash: md5
      md5: 7eb8148340945a77c59a3e300f3ced3d.dir
      size: 3351645
      nfiles: 1
  train_model:
    cmd: python src/model/train_model.py
    deps:
    - path: data/features
      hash: md5
      md5: 7eb8148340945a77c59a3e300f3ced3d.dir
      size: 3351645
      nfiles: 1
    - path: src/model/train_model.py
      hash: md5
      md5: 20b117c664399a79b482e28acb2d66d3
      size: 18650
    params:
      params.yaml:
        data_ingestion.stock_symbol: NVDA
        models.mlp.activation: relu
        models.mlp.early_stopping: true
        models.mlp.hidden_layer_sizes:
        - 128
        - 96
        - 32
        models.mlp.learning_rate_init: 0.002
        models.mlp.max_iter: 200
        models.mlp.solver: sgd
        training.early_stopping_patience: 10
        training.random_state: 42
        training.test_size: 0.25
        training.validation_size: 0.15
    outs:
    - path: models
      hash: md5
      md5: f854a1f2fbecfa2cf23a896d5f843ef4.dir
      size: 505918
      nfiles: 2
  evaluate_model:
    cmd: python src/model/evaluate_model.py
    deps:
    - path: data/features
      hash: md5
      md5: 7eb8148340945a77c59a3e300f3ced3d.dir
      size: 3351645
      nfiles: 1
    - path: models
      hash: md5
      md5: f854a1f2fbecfa2cf23a896d5f843ef4.dir
      size: 505918
      nfiles: 2
    - path: src/model/evaluate_model.py
      hash: md5
      md5: b3789509834fc7d3db37efa3d9337350
      size: 26426
    params:
      params.yaml:
        data_ingestion.stock_symbol: NVDA
        evaluation.metrics:
        - RMSE
        - MAE
        - MAPE
        - R2
        - Sharpe_Ratio
        - Directional_Accuracy
        - Max_Drawdown
        mlflow.enabled: true
        mlflow.experiment_name: MLP_Stock_Prediction
        training.test_size: 0.25
    outs:
    - path: results
      hash: md5
      md5: 9dee7570621389d36f5250e672f54465.dir
      size: 50706
      nfiles: 2
  register_model:
    cmd: python src/model/model_registry.py
    deps:
    - path: metadata
      hash: md5
      md5: 0a7aa5465b39860f65f04e918ddbe5fb.dir
      size: 36249
      nfiles: 19
    - path: models
      hash: md5
      md5: f854a1f2fbecfa2cf23a896d5f843ef4.dir
      size: 505918
      nfiles: 2
    - path: src/model/model_registry.py
      hash: md5
      md5: 117c855b28eb88b6d08bd526256e461f
      size: 24922
    params:
      params.yaml:
        data_ingestion.stock_symbol: NVDA
        mlflow.dagshub_repo: ForesightX
        mlflow.dagshub_username: TheAditya-10
        mlflow.enabled: true
        model_registry.default_stage: Staging
